
Microsoft Visual Studio Solution File, Format Version 12.00
# Visual Studio Version 16
VisualStudioVersion = 16.0.29409.12
MinimumVisualStudioVersion = 10.0.40219.1
Project("{FAE04EC0-301F-11D3-BF4B-00C04F79EFBC}") = "ConsoleApp1", "ConsoleApp1\ConsoleApp1.csproj", "{F12F6F3C-E082-41FF-B355-1181CB2DEE13}"
EndProject
Global
	GlobalSection(SolutionConfigurationPlatforms) = preSolution
		Debug|Any CPU = Debug|Any CPU
		Release|Any CPU = Release|Any CPU
	EndGlobalSection
	GlobalSection(ProjectConfigurationPlatforms) = postSolution
		{F12F6F3C-E082-41FF-B355-1181CB2DEE13}.Debug|Any CPU.ActiveCfg = Debug|Any CPU
		{F12F6F3C-E082-41FF-B355-1181CB2DEE13}.Debug|Any CPU.Build.0 = Debug|Any CPU
		{F12F6F3C-E082-41FF-B355-1181CB2DEE13}.Release|Any CPU.ActiveCfg = Release|Any CPU
		{F12F6F3C-E082-41FF-B355-1181CB2DEE13}.Release|Any CPU.Build.0 = Release|Any CPU
	EndGlobalSection
	GlobalSection(SolutionProperties) = preSolution
		HideSolutionNode = FALSE
	EndGlobalSection
	GlobalSection(ExtensibilityGlobals) = postSolution
		SolutionGuid = {AEAE108C-CECB-4C56-8FA9-89D1277DB681}
	EndGlobalSection
EndGlobal
